
Microsoft Visual Studio Solution File, Format Version 12.00
# Visual Studio Version 17
VisualStudioVersion = 17.7.34009.444
MinimumVisualStudioVersion = 10.0.40219.1
Project("{FAE04EC0-301F-11D3-BF4B-00C04F79EFBC}") = "TuyaLightController", "TuyaLightController\TuyaLightController.csproj", "{513CD901-3E21-42FE-8CBD-0E436056A9A2}"
EndProject
Global
	GlobalSection(SolutionConfigurationPlatforms) = preSolution
		Debug|Any CPU = Debug|Any CPU
		Release|Any CPU = Release|Any CPU
	EndGlobalSection
	GlobalSection(ProjectConfigurationPlatforms) = postSolution
		{513CD901-3E21-42FE-8CBD-0E436056A9A2}.Debug|Any CPU.ActiveCfg = Debug|Any CPU
		{513CD901-3E21-42FE-8CBD-0E436056A9A2}.Debug|Any CPU.Build.0 = Debug|Any CPU
		{513CD901-3E21-42FE-8CBD-0E436056A9A2}.Release|Any CPU.ActiveCfg = Release|Any CPU
		{513CD901-3E21-42FE-8CBD-0E436056A9A2}.Release|Any CPU.Build.0 = Release|Any CPU
	EndGlobalSection
	GlobalSection(SolutionProperties) = preSolution
		HideSolutionNode = FALSE
	EndGlobalSection
	GlobalSection(ExtensibilityGlobals) = postSolution
		SolutionGuid = {38820262-6C16-435E-A0CD-FD682703F766}
	EndGlobalSection
EndGlobal

